lockfileVersion: 5.3

specifiers:
  '@tldraw/tldraw': ^1.9.3
  mobx: ^6.5.0
  nanoid: ^3.3.3
  react: ^17.0.0
  react-dom: ^17.0.0
  unist-util-visit: ^4.1.0
  vite: 2.9.0

dependencies:
  '@tldraw/tldraw': 1.12.0_3b110ddd052df537d55bc762cdd4d0b8
  mobx: 6.5.0
  nanoid: 3.3.4
  react: 17.0.2
  react-dom: 17.0.2_react@17.0.2
  unist-util-visit: 4.1.0

devDependencies:
  vite: 2.9.0

packages:

  /@babel/runtime/7.17.9:
    resolution: {integrity: sha512-lSiBBvodq29uShpWGNbgFdKYNiFDo5/HIYsaCEY9ff4sb10x9jizo2+pRrSyF4jKZCXqgzuqBOQKbUm90gQwJg==}
    engines: {node: '>=6.9.0'}
    dependencies:
      regenerator-runtime: 0.13.9
    dev: false

  /@radix-ui/popper/0.1.0:
    resolution: {integrity: sha512-uzYeElL3w7SeNMuQpXiFlBhTT+JyaNMCwDfjKkrzugEcYrf5n52PHqncNdQPUtR42hJh8V9FsqyEDbDxkeNjJQ==}
    dependencies:
      '@babel/runtime': 7.17.9
      csstype: 3.0.11
    dev: false

  /@radix-ui/primitive/0.1.0:
    resolution: {integrity: sha512-tqxZKybwN5Fa3VzZry4G6mXAAb9aAqKmPtnVbZpL0vsBwvOHTBwsjHVPXylocYLwEtBY9SCe665bYnNB515uoA==}
    dependencies:
      '@babel/runtime': 7.17.9
    dev: false

  /@radix-ui/react-alert-dialog/0.1.7_react-dom@17.0.2+react@17.0.2:
    resolution: {integrity: sha512-b0+TWr0VRWMWM7QcXvvcwbMGNzpTmvPBSBpYcoaD+QnVo3jdJt0k0bghwbYBuywzdyuRNUFf33xwah/57w09QA==}
    peerDependencies:
      react: '>=16.8'
      react-dom: ^16.8 || ^17.0
    dependencies:
      '@babel/runtime': 7.17.9
      '@radix-ui/primitive': 0.1.0
      '@radix-ui/react-compose-refs': 0.1.0_react@17.0.2
      '@radix-ui/react-context': 0.1.1_react@17.0.2
      '@radix-ui/react-dialog': 0.1.7_react-dom@17.0.2+react@17.0.2
      '@radix-ui/react-primitive': 0.1.4_react@17.0.2
      '@radix-ui/react-slot': 0.1.2_react@17.0.2
      react: 17.0.2
      react-dom: 17.0.2_react@17.0.2
    transitivePeerDependencies:
      - '@types/react'
    dev: false

  /@radix-ui/react-arrow/0.1.4_react@17.0.2:
    resolution: {integrity: sha512-BB6XzAb7Ml7+wwpFdYVtZpK1BlMgqyafSQNGzhIpSZ4uXvXOHPlR5GP8M449JkeQzgQjv9Mp1AsJxFC0KuOtuA==}
    peerDependencies:
      react: ^16.8 || ^17.0
    dependencies:
      '@babel/runtime': 7.17.9
      '@radix-ui/react-primitive': 0.1.4_react@17.0.2
      react: 17.0.2
    dev: false

  /@radix-ui/react-checkbox/0.1.5_react@17.0.2:
    resolution: {integrity: sha512-M8Y4dSXsKSbF+FryG5VvZKr/1MukMVG7swq9p5s7wYb8Rvn0UM0rQ5w8BWmSWSV4BL/gbJdhwVCznwXXlgZRZg==}
    peerDependencies:
      react: ^16.8 || ^17.0
    dependencies:
      '@babel/runtime': 7.17.9
      '@radix-ui/primitive': 0.1.0
      '@radix-ui/react-compose-refs': 0.1.0_react@17.0.2
      '@radix-ui/react-context': 0.1.1_react@17.0.2
      '@radix-ui/react-label': 0.1.5_react@17.0.2
      '@radix-ui/react-presence': 0.1.2_react@17.0.2
      '@radix-ui/react-primitive': 0.1.4_react@17.0.2
      '@radix-ui/react-use-controllable-state': 0.1.0_react@17.0.2
      '@radix-ui/react-use-previous': 0.1.1_react@17.0.2
      '@radix-ui/react-use-size': 0.1.1_react@17.0.2
      react: 17.0.2
    dev: false

  /@radix-ui/react-collection/0.1.4_react@17.0.2:
    resolution: {integrity: sha512-3muGI15IdgaDFjOcO7xX8a35HQRBRF6LH9pS6UCeZeRmbslkVeHyJRQr2rzICBUoX7zgIA0kXyMDbpQnJGyJTA==}
    peerDependencies:
      react: ^16.8 || ^17.0
    dependencies:
      '@babel/runtime': 7.17.9
      '@radix-ui/react-compose-refs': 0.1.0_react@17.0.2
      '@radix-ui/react-context': 0.1.1_react@17.0.2
      '@radix-ui/react-primitive': 0.1.4_react@17.0.2
      '@radix-ui/react-slot': 0.1.2_react@17.0.2
      react: 17.0.2
    dev: false

  /@radix-ui/react-compose-refs/0.1.0_react@17.0.2:
    resolution: {integrity: sha512-eyclbh+b77k+69Dk72q3694OHrn9B3QsoIRx7ywX341U9RK1ThgQjMFZoPtmZNQTksXHLNEiefR8hGVeFyInGg==}
    peerDependencies:
      react: ^16.8 || ^17.0
    dependencies:
      '@babel/runtime': 7.17.9
      react: 17.0.2
    dev: false

  /@radix-ui/react-context-menu/0.1.6_react-dom@17.0.2+react@17.0.2:
    resolution: {integrity: sha512-0qa6ABaeqD+WYI+8iT0jH0QLLcV8Kv0xI+mZL4FFnG4ec9H0v+yngb5cfBBfs9e/KM8mDzFFpaeegqsQlLNqyQ==}
    peerDependencies:
      react: ^16.8 || ^17.0
      react-dom: ^16.8 || ^17.0
    dependencies:
      '@babel/runtime': 7.17.9
      '@radix-ui/primitive': 0.1.0
      '@radix-ui/react-context': 0.1.1_react@17.0.2
      '@radix-ui/react-menu': 0.1.6_react-dom@17.0.2+react@17.0.2
      '@radix-ui/react-primitive': 0.1.4_react@17.0.2
      '@radix-ui/react-use-callback-ref': 0.1.0_react@17.0.2
      react: 17.0.2
      react-dom: 17.0.2_react@17.0.2
    transitivePeerDependencies:
      - '@types/react'
    dev: false

  /@radix-ui/react-context/0.1.1_react@17.0.2:
    resolution: {integrity: sha512-PkyVX1JsLBioeu0jB9WvRpDBBLtLZohVDT3BB5CTSJqActma8S8030P57mWZb4baZifMvN7KKWPAA40UmWKkQg==}
    peerDependencies:
      react: ^16.8 || ^17.0
    dependencies:
      '@babel/runtime': 7.17.9
      react: 17.0.2
    dev: false

  /@radix-ui/react-dialog/0.1.7_react-dom@17.0.2+react@17.0.2:
    resolution: {integrity: sha512-jXt8srGhHBRvEr9jhEAiwwJzWCWZoGRJ030aC9ja/gkRJbZdy0iD3FwXf+Ff4RtsZyLUMHW7VUwFOlz3Ixe1Vw==}
    peerDependencies:
      react: ^16.8 || ^17.0
      react-dom: ^16.8 || ^17.0
    dependencies:
      '@babel/runtime': 7.17.9
      '@radix-ui/primitive': 0.1.0
      '@radix-ui/react-compose-refs': 0.1.0_react@17.0.2
      '@radix-ui/react-context': 0.1.1_react@17.0.2
      '@radix-ui/react-dismissable-layer': 0.1.5_react@17.0.2
      '@radix-ui/react-focus-guards': 0.1.0_react@17.0.2
      '@radix-ui/react-focus-scope': 0.1.4_react@17.0.2
      '@radix-ui/react-id': 0.1.5_react@17.0.2
      '@radix-ui/react-portal': 0.1.4_react-dom@17.0.2+react@17.0.2
      '@radix-ui/react-presence': 0.1.2_react@17.0.2
      '@radix-ui/react-primitive': 0.1.4_react@17.0.2
      '@radix-ui/react-slot': 0.1.2_react@17.0.2
      '@radix-ui/react-use-controllable-state': 0.1.0_react@17.0.2
      aria-hidden: 1.1.3
      react: 17.0.2
      react-dom: 17.0.2_react@17.0.2
      react-remove-scroll: 2.5.3_react@17.0.2
    transitivePeerDependencies:
      - '@types/react'
    dev: false

  /@radix-ui/react-dismissable-layer/0.1.5_react@17.0.2:
    resolution: {integrity: sha512-J+fYWijkX4M4QKwf9dtu1oC0U6e6CEl8WhBp3Ad23yz2Hia0XCo6Pk/mp5CAFy4QBtQedTSkhW05AdtSOEoajQ==}
    peerDependencies:
      react: ^16.8 || ^17.0
    dependencies:
      '@babel/runtime': 7.17.9
      '@radix-ui/primitive': 0.1.0
      '@radix-ui/react-compose-refs': 0.1.0_react@17.0.2
      '@radix-ui/react-primitive': 0.1.4_react@17.0.2
      '@radix-ui/react-use-body-pointer-events': 0.1.1_react@17.0.2
      '@radix-ui/react-use-callback-ref': 0.1.0_react@17.0.2
      '@radix-ui/react-use-escape-keydown': 0.1.0_react@17.0.2
      react: 17.0.2
    dev: false

  /@radix-ui/react-dropdown-menu/0.1.6_react-dom@17.0.2+react@17.0.2:
    resolution: {integrity: sha512-RZhtzjWwJ4ZBN7D8ek4Zn+ilHzYuYta9yIxFnbC0pfqMnSi67IQNONo1tuuNqtFh9SRHacPKc65zo+kBBlxtdg==}
    peerDependencies:
      react: ^16.8 || ^17.0
      react-dom: ^16.8 || ^17.0
    dependencies:
      '@babel/runtime': 7.17.9
      '@radix-ui/primitive': 0.1.0
      '@radix-ui/react-compose-refs': 0.1.0_react@17.0.2
      '@radix-ui/react-context': 0.1.1_react@17.0.2
      '@radix-ui/react-id': 0.1.5_react@17.0.2
      '@radix-ui/react-menu': 0.1.6_react-dom@17.0.2+react@17.0.2
      '@radix-ui/react-primitive': 0.1.4_react@17.0.2
      '@radix-ui/react-use-controllable-state': 0.1.0_react@17.0.2
      react: 17.0.2
      react-dom: 17.0.2_react@17.0.2
    transitivePeerDependencies:
      - '@types/react'
    dev: false

  /@radix-ui/react-focus-guards/0.1.0_react@17.0.2:
    resolution: {integrity: sha512-kRx/swAjEfBpQ3ns7J3H4uxpXuWCqN7MpALiSDOXiyo2vkWv0L9sxvbpZeTulINuE3CGMzicVMuNc/VWXjFKOg==}
    peerDependencies:
      react: ^16.8 || ^17.0
    dependencies:
      '@babel/runtime': 7.17.9
      react: 17.0.2
    dev: false

  /@radix-ui/react-focus-scope/0.1.4_react@17.0.2:
    resolution: {integrity: sha512-fbA4ES3H4Wkxp+OeLhvN6SwL7mXNn/aBtUf7DRYxY9+Akrf7dRxl2ck4lgcpPsSg3zSDsEwLcY+h5cmj5yvlug==}
    peerDependencies:
      react: ^16.8 || ^17.0
    dependencies:
      '@babel/runtime': 7.17.9
      '@radix-ui/react-compose-refs': 0.1.0_react@17.0.2
      '@radix-ui/react-primitive': 0.1.4_react@17.0.2
      '@radix-ui/react-use-callback-ref': 0.1.0_react@17.0.2
      react: 17.0.2
    dev: false

  /@radix-ui/react-icons/1.1.1_react@17.0.2:
    resolution: {integrity: sha512-xc3wQC59rsFylVbSusQCrrM+6695ppF730Q6yqzhRdqDcRNWIm2R6ngpzBoSOQMcwnq4p805F+Gr7xo4fmtN1A==}
    peerDependencies:
      react: ^16.x || ^17.x || ^18.x
    dependencies:
      react: 17.0.2
    dev: false

  /@radix-ui/react-id/0.1.5_react@17.0.2:
    resolution: {integrity: sha512-IPc4H/63bes0IZ1GJJozSEkSWcDyhNGtKFWUpJ+XtaLyQ1X3x7Mf6fWwWhDcpqlYEP+5WtAvfqcyEsyjP+ZhBQ==}
    peerDependencies:
      react: ^16.8 || ^17.0
    dependencies:
      '@babel/runtime': 7.17.9
      '@radix-ui/react-use-layout-effect': 0.1.0_react@17.0.2
      react: 17.0.2
    dev: false

  /@radix-ui/react-label/0.1.5_react@17.0.2:
    resolution: {integrity: sha512-Au9+n4/DhvjR0IHhvZ1LPdx/OW+3CGDie30ZyCkbSHIuLp4/CV4oPPGBwJ1vY99Jog3zyQhsGww9MXj8O9Aj/A==}
    peerDependencies:
      react: ^16.8 || ^17.0
    dependencies:
      '@babel/runtime': 7.17.9
      '@radix-ui/react-compose-refs': 0.1.0_react@17.0.2
      '@radix-ui/react-context': 0.1.1_react@17.0.2
      '@radix-ui/react-id': 0.1.5_react@17.0.2
      '@radix-ui/react-primitive': 0.1.4_react@17.0.2
      react: 17.0.2
    dev: false

  /@radix-ui/react-menu/0.1.6_react-dom@17.0.2+react@17.0.2:
    resolution: {integrity: sha512-ho3+bhpr3oAFkOBJ8VkUb1BcGoiZBB3OmcWPqa6i5RTUKrzNX/d6rauochu2xDlWjiRtpVuiAcsTVOeIC4FbYQ==}
    peerDependencies:
      react: ^16.8 || ^17.0
      react-dom: ^16.8 || ^17.0
    dependencies:
      '@babel/runtime': 7.17.9
      '@radix-ui/primitive': 0.1.0
      '@radix-ui/react-collection': 0.1.4_react@17.0.2
      '@radix-ui/react-compose-refs': 0.1.0_react@17.0.2
      '@radix-ui/react-context': 0.1.1_react@17.0.2
      '@radix-ui/react-dismissable-layer': 0.1.5_react@17.0.2
      '@radix-ui/react-focus-guards': 0.1.0_react@17.0.2
      '@radix-ui/react-focus-scope': 0.1.4_react@17.0.2
      '@radix-ui/react-id': 0.1.5_react@17.0.2
      '@radix-ui/react-popper': 0.1.4_react@17.0.2
      '@radix-ui/react-portal': 0.1.4_react-dom@17.0.2+react@17.0.2
      '@radix-ui/react-presence': 0.1.2_react@17.0.2
      '@radix-ui/react-primitive': 0.1.4_react@17.0.2
      '@radix-ui/react-roving-focus': 0.1.5_react@17.0.2
      '@radix-ui/react-use-callback-ref': 0.1.0_react@17.0.2
      '@radix-ui/react-use-direction': 0.1.0_react@17.0.2
      aria-hidden: 1.1.3
      react: 17.0.2
      react-dom: 17.0.2_react@17.0.2
      react-remove-scroll: 2.5.3_react@17.0.2
    transitivePeerDependencies:
      - '@types/react'
    dev: false

  /@radix-ui/react-popper/0.1.4_react@17.0.2:
    resolution: {integrity: sha512-18gDYof97t8UQa7zwklG1Dr8jIdj3u+rVOQLzPi9f5i1YQak/pVGkaqw8aY+iDUknKKuZniTk/7jbAJUYlKyOw==}
    peerDependencies:
      react: ^16.8 || ^17.0
    dependencies:
      '@babel/runtime': 7.17.9
      '@radix-ui/popper': 0.1.0
      '@radix-ui/react-arrow': 0.1.4_react@17.0.2
      '@radix-ui/react-compose-refs': 0.1.0_react@17.0.2
      '@radix-ui/react-context': 0.1.1_react@17.0.2
      '@radix-ui/react-primitive': 0.1.4_react@17.0.2
      '@radix-ui/react-use-rect': 0.1.1_react@17.0.2
      '@radix-ui/react-use-size': 0.1.1_react@17.0.2
      '@radix-ui/rect': 0.1.1
      react: 17.0.2
    dev: false

  /@radix-ui/react-portal/0.1.4_react-dom@17.0.2+react@17.0.2:
    resolution: {integrity: sha512-MO0wRy2eYRTZ/CyOri9NANCAtAtq89DEtg90gicaTlkCfdqCLEBsLb+/q66BZQTr3xX/Vq01nnVfc/TkCqoqvw==}
    peerDependencies:
      react: ^16.8 || ^17.0
      react-dom: ^16.8 || ^17.0
    dependencies:
      '@babel/runtime': 7.17.9
      '@radix-ui/react-primitive': 0.1.4_react@17.0.2
      '@radix-ui/react-use-layout-effect': 0.1.0_react@17.0.2
      react: 17.0.2
      react-dom: 17.0.2_react@17.0.2
    dev: false

  /@radix-ui/react-presence/0.1.2_react@17.0.2:
    resolution: {integrity: sha512-3BRlFZraooIUfRlyN+b/Xs5hq1lanOOo/+3h6Pwu2GMFjkGKKa4Rd51fcqGqnVlbr3jYg+WLuGyAV4KlgqwrQw==}
    peerDependencies:
      react: '>=16.8'
    dependencies:
      '@babel/runtime': 7.17.9
      '@radix-ui/react-compose-refs': 0.1.0_react@17.0.2
      '@radix-ui/react-use-layout-effect': 0.1.0_react@17.0.2
      react: 17.0.2
    dev: false

  /@radix-ui/react-primitive/0.1.4_react@17.0.2:
    resolution: {integrity: sha512-6gSl2IidySupIMJFjYnDIkIWRyQdbu/AHK7rbICPani+LW4b0XdxBXc46og/iZvuwW8pjCS8I2SadIerv84xYA==}
    peerDependencies:
      react: ^16.8 || ^17.0
    dependencies:
      '@babel/runtime': 7.17.9
      '@radix-ui/react-slot': 0.1.2_react@17.0.2
      react: 17.0.2
    dev: false

  /@radix-ui/react-radio-group/0.1.5_react@17.0.2:
    resolution: {integrity: sha512-ybgHsmh/V2crKvK6xZ56dpPul7b+vyxcq7obWqHbr5W6Ca11wdm0E7lS0i/Y6pgfIKYOWIARmZYDpRMEeRCPOw==}
    peerDependencies:
      react: ^16.8 || ^17.0
    dependencies:
      '@babel/runtime': 7.17.9
      '@radix-ui/primitive': 0.1.0
      '@radix-ui/react-compose-refs': 0.1.0_react@17.0.2
      '@radix-ui/react-context': 0.1.1_react@17.0.2
      '@radix-ui/react-label': 0.1.5_react@17.0.2
      '@radix-ui/react-presence': 0.1.2_react@17.0.2
      '@radix-ui/react-primitive': 0.1.4_react@17.0.2
      '@radix-ui/react-roving-focus': 0.1.5_react@17.0.2
      '@radix-ui/react-use-controllable-state': 0.1.0_react@17.0.2
      '@radix-ui/react-use-previous': 0.1.1_react@17.0.2
      '@radix-ui/react-use-size': 0.1.1_react@17.0.2
      react: 17.0.2
    dev: false

  /@radix-ui/react-roving-focus/0.1.5_react@17.0.2:
    resolution: {integrity: sha512-ClwKPS5JZE+PaHCoW7eu1onvE61pDv4kO8W4t5Ra3qMFQiTJLZMdpBQUhksN//DaVygoLirz4Samdr5Y1x1FSA==}
    peerDependencies:
      react: ^16.8 || ^17.0
    dependencies:
      '@babel/runtime': 7.17.9
      '@radix-ui/primitive': 0.1.0
      '@radix-ui/react-collection': 0.1.4_react@17.0.2
      '@radix-ui/react-compose-refs': 0.1.0_react@17.0.2
      '@radix-ui/react-context': 0.1.1_react@17.0.2
      '@radix-ui/react-id': 0.1.5_react@17.0.2
      '@radix-ui/react-primitive': 0.1.4_react@17.0.2
      '@radix-ui/react-use-callback-ref': 0.1.0_react@17.0.2
      '@radix-ui/react-use-controllable-state': 0.1.0_react@17.0.2
      react: 17.0.2
    dev: false

  /@radix-ui/react-slot/0.1.2_react@17.0.2:
    resolution: {integrity: sha512-ADkqfL+agEzEguU3yS26jfB50hRrwf7U4VTwAOZEmi/g+ITcBWe12yM46ueS/UCIMI9Py+gFUaAdxgxafFvY2Q==}
    peerDependencies:
      react: ^16.8 || ^17.0
    dependencies:
      '@babel/runtime': 7.17.9
      '@radix-ui/react-compose-refs': 0.1.0_react@17.0.2
      react: 17.0.2
    dev: false

  /@radix-ui/react-tooltip/0.1.7_react-dom@17.0.2+react@17.0.2:
    resolution: {integrity: sha512-eiBUsVOHenZ0JR16tl970bB0DafJBz6mFgSGfIGIVpflFj0LIsIDiLMsYyvYdx1KwwsIUDTEZtxcPm/sWjPzqA==}
    peerDependencies:
      react: ^16.8 || ^17.0
      react-dom: ^16.8 || ^17.0
    dependencies:
      '@babel/runtime': 7.17.9
      '@radix-ui/primitive': 0.1.0
      '@radix-ui/react-compose-refs': 0.1.0_react@17.0.2
      '@radix-ui/react-context': 0.1.1_react@17.0.2
      '@radix-ui/react-id': 0.1.5_react@17.0.2
      '@radix-ui/react-popper': 0.1.4_react@17.0.2
      '@radix-ui/react-portal': 0.1.4_react-dom@17.0.2+react@17.0.2
      '@radix-ui/react-presence': 0.1.2_react@17.0.2
      '@radix-ui/react-primitive': 0.1.4_react@17.0.2
      '@radix-ui/react-slot': 0.1.2_react@17.0.2
      '@radix-ui/react-use-controllable-state': 0.1.0_react@17.0.2
      '@radix-ui/react-use-escape-keydown': 0.1.0_react@17.0.2
      '@radix-ui/react-use-previous': 0.1.1_react@17.0.2
      '@radix-ui/react-use-rect': 0.1.1_react@17.0.2
      '@radix-ui/react-visually-hidden': 0.1.4_react@17.0.2
      react: 17.0.2
      react-dom: 17.0.2_react@17.0.2
    dev: false

  /@radix-ui/react-use-body-pointer-events/0.1.1_react@17.0.2:
    resolution: {integrity: sha512-R8leV2AWmJokTmERM8cMXFHWSiv/fzOLhG/JLmRBhLTAzOj37EQizssq4oW0Z29VcZy2tODMi9Pk/htxwb+xpA==}
    peerDependencies:
      react: ^16.8 || ^17.0
    dependencies:
      '@babel/runtime': 7.17.9
      '@radix-ui/react-use-layout-effect': 0.1.0_react@17.0.2
      react: 17.0.2
    dev: false

  /@radix-ui/react-use-callback-ref/0.1.0_react@17.0.2:
    resolution: {integrity: sha512-Va041McOFFl+aV+sejvl0BS2aeHx86ND9X/rVFmEFQKTXCp6xgUK0NGUAGcgBlIjnJSbMYPGEk1xKSSlVcN2Aw==}
    peerDependencies:
      react: ^16.8 || ^17.0
    dependencies:
      '@babel/runtime': 7.17.9
      react: 17.0.2
    dev: false

  /@radix-ui/react-use-controllable-state/0.1.0_react@17.0.2:
    resolution: {integrity: sha512-zv7CX/PgsRl46a52Tl45TwqwVJdmqnlQEQhaYMz/yBOD2sx2gCkCFSoF/z9mpnYWmS6DTLNTg5lIps3fV6EnXg==}
    peerDependencies:
      react: ^16.8 || ^17.0
    dependencies:
      '@babel/runtime': 7.17.9
      '@radix-ui/react-use-callback-ref': 0.1.0_react@17.0.2
      react: 17.0.2
    dev: false

  /@radix-ui/react-use-direction/0.1.0_react@17.0.2:
    resolution: {integrity: sha512-NajpY/An9TCPSfOVkgWIdXJV+VuWl67PxB6kOKYmtNAFHvObzIoh8o0n9sAuwSAyFCZVq211FEf9gvVDRhOyiA==}
    peerDependencies:
      react: ^16.8 || ^17.0
    dependencies:
      '@babel/runtime': 7.17.9
      react: 17.0.2
    dev: false

  /@radix-ui/react-use-escape-keydown/0.1.0_react@17.0.2:
    resolution: {integrity: sha512-tDLZbTGFmvXaazUXXv8kYbiCcbAE8yKgng9s95d8fCO+Eundv0Jngbn/hKPhDDs4jj9ChwRX5cDDnlaN+ugYYQ==}
    peerDependencies:
      react: ^16.8 || ^17.0
    dependencies:
      '@babel/runtime': 7.17.9
      '@radix-ui/react-use-callback-ref': 0.1.0_react@17.0.2
      react: 17.0.2
    dev: false

  /@radix-ui/react-use-layout-effect/0.1.0_react@17.0.2:
    resolution: {integrity: sha512-+wdeS51Y+E1q1Wmd+1xSSbesZkpVj4jsg0BojCbopWvgq5iBvixw5vgemscdh58ep98BwUbsFYnrywFhV9yrVg==}
    peerDependencies:
      react: ^16.8 || ^17.0
    dependencies:
      '@babel/runtime': 7.17.9
      react: 17.0.2
    dev: false

  /@radix-ui/react-use-previous/0.1.1_react@17.0.2:
    resolution: {integrity: sha512-O/ZgrDBr11dR8rhO59ED8s5zIXBRFi8MiS+CmFGfi7MJYdLbfqVOmQU90Ghf87aifEgWe6380LA69KBneaShAg==}
    peerDependencies:
      react: ^16.8 || ^17.0
    dependencies:
      '@babel/runtime': 7.17.9
      react: 17.0.2
    dev: false

  /@radix-ui/react-use-rect/0.1.1_react@17.0.2:
    resolution: {integrity: sha512-kHNNXAsP3/PeszEmM/nxBBS9Jbo93sO+xuMTcRfwzXsmxT5gDXQzAiKbZQ0EecCPtJIzqvr7dlaQi/aP1PKYqQ==}
    peerDependencies:
      react: ^16.8 || ^17.0
    dependencies:
      '@babel/runtime': 7.17.9
      '@radix-ui/rect': 0.1.1
      react: 17.0.2
    dev: false

  /@radix-ui/react-use-size/0.1.1_react@17.0.2:
    resolution: {integrity: sha512-pTgWM5qKBu6C7kfKxrKPoBI2zZYZmp2cSXzpUiGM3qEBQlMLtYhaY2JXdXUCxz+XmD1YEjc8oRwvyfsD4AG4WA==}
    peerDependencies:
      react: ^16.8 || ^17.0
    dependencies:
      '@babel/runtime': 7.17.9
      react: 17.0.2
    dev: false

  /@radix-ui/react-visually-hidden/0.1.4_react@17.0.2:
    resolution: {integrity: sha512-K/q6AEEzqeeEq/T0NPChvBqnwlp8Tl4NnQdrI/y8IOY7BRR+Ug0PEsVk6g48HJ7cA1//COugdxXXVVK/m0X1mA==}
    peerDependencies:
      react: ^16.8 || ^17.0
    dependencies:
      '@babel/runtime': 7.17.9
      '@radix-ui/react-primitive': 0.1.4_react@17.0.2
      react: 17.0.2
    dev: false

  /@radix-ui/rect/0.1.1:
    resolution: {integrity: sha512-g3hnE/UcOg7REdewduRPAK88EPuLZtaq7sA9ouu8S+YEtnyFRI16jgv6GZYe3VMoQLL1T171ebmEPtDjyxWLzw==}
    dependencies:
      '@babel/runtime': 7.17.9
    dev: false

  /@stitches/react/1.2.8_react@17.0.2:
    resolution: {integrity: sha512-9g9dWI4gsSVe8bNLlb+lMkBYsnIKCZTmvqvDG+Avnn69XfmHZKiaMrx7cgTaddq7aTPPmXiTsbFcUy0xgI4+wA==}
    peerDependencies:
      react: '>= 16.3.0'
    dependencies:
      react: 17.0.2
    dev: false

  /@tldraw/core/1.10.0_3b110ddd052df537d55bc762cdd4d0b8:
    resolution: {integrity: sha512-19mSkMJ7pph311tgNAslz3lcsGPhOy+LfHDOKXy2bFrqYNEufSVIiTcLWydm7kA1Zuiq2lGrXzLCDmwLMKnWuQ==}
    peerDependencies:
      react: '>=16.8'
      react-dom: ^16.8 || ^17.0
    dependencies:
      '@tldraw/intersect': 1.7.1
      '@tldraw/vec': 1.7.0
      '@use-gesture/react': 10.2.12_react@17.0.2
      mobx-react-lite: 3.4.0_3b110ddd052df537d55bc762cdd4d0b8
      react: 17.0.2
      react-dom: 17.0.2_react@17.0.2
      resize-observer-polyfill: 1.5.1
    transitivePeerDependencies:
      - mobx
      - react-native
    dev: false

  /@tldraw/intersect/1.7.1:
    resolution: {integrity: sha512-azJvJv4selqiQemipQE9Z1uax0j5XzIoHXQuRL4nm4EFiuS3n6jTTyWr9aQN3f7GgQbhcseq/ynytxfo9df02w==}
    dependencies:
      '@tldraw/vec': 1.7.0
    dev: false

  /@tldraw/tldraw/1.12.0_3b110ddd052df537d55bc762cdd4d0b8:
    resolution: {integrity: sha512-DFX1Nv2zouHgo59oo8ziv/LO4zPnw1Mn49A5pd4bTv3Ds1To852ASqEFNNTofip/WDnuDKPhgShXBzaj/2TkYg==}
    peerDependencies:
      react: ^17.0
      react-dom: ^17.0
    dependencies:
      '@radix-ui/react-alert-dialog': 0.1.7_react-dom@17.0.2+react@17.0.2
      '@radix-ui/react-checkbox': 0.1.5_react@17.0.2
      '@radix-ui/react-context-menu': 0.1.6_react-dom@17.0.2+react@17.0.2
      '@radix-ui/react-dropdown-menu': 0.1.6_react-dom@17.0.2+react@17.0.2
      '@radix-ui/react-icons': 1.1.1_react@17.0.2
      '@radix-ui/react-radio-group': 0.1.5_react@17.0.2
      '@radix-ui/react-tooltip': 0.1.7_react-dom@17.0.2+react@17.0.2
      '@stitches/react': 1.2.8_react@17.0.2
      '@tldraw/core': 1.10.0_3b110ddd052df537d55bc762cdd4d0b8
      '@tldraw/intersect': 1.7.1
      '@tldraw/vec': 1.7.0
      '@types/lz-string': 1.3.34
      idb-keyval: 6.1.0
      lz-string: 1.4.4
      perfect-freehand: 1.0.16
      react: 17.0.2
      react-dom: 17.0.2_react@17.0.2
      react-hotkey-hook: 1.0.2
      react-hotkeys-hook: 3.4.4_react-dom@17.0.2+react@17.0.2
      tslib: 2.4.0
      zustand: 3.7.2_react@17.0.2
    transitivePeerDependencies:
      - '@types/react'
      - mobx
      - react-native
    dev: false

  /@tldraw/vec/1.7.0:
    resolution: {integrity: sha512-uidcNCtm6kL6M4GcXvPb0+WxVeJ3H1csYqsPwDNhVwIrF6eCUKNCoh+70G0kUk2S0EIMmufp3COhagIS8Xnqig==}
    dev: false

  /@types/lz-string/1.3.34:
    resolution: {integrity: sha512-j6G1e8DULJx3ONf6NdR5JiR2ZY3K3PaaqiEuKYkLQO0Czfi1AzrtjfnfCROyWGeDd5IVMKCwsgSmMip9OWijow==}
    dev: false

  /@types/unist/2.0.6:
    resolution: {integrity: sha512-PBjIUxZHOuj0R15/xuwJYjFi+KZdNFrehocChv4g5hu6aFroHue8m0lBP0POdK2nKzbw0cgV1mws8+V/JAcEkQ==}
    dev: false

  /@use-gesture/core/10.2.12:
    resolution: {integrity: sha512-BIZ9Zyo2xFyLS8pYyhawa5upNpshLTSBVTek+56EqgCp/j95YfZI7PtgwHmm0cm+0HNqeq8FHkhFmJlbj4Pg3Q==}
    dev: false

  /@use-gesture/react/10.2.12_react@17.0.2:
    resolution: {integrity: sha512-ykNZWRjwesSirhaBmcAWveHyivXn/E5/R4kY6i8+cDtklKuPM91oFEML9tV5CRBuGJONY/rxD+JVNs/SOwfp4w==}
    peerDependencies:
      react: '>= 16.8.0'
    dependencies:
      '@use-gesture/core': 10.2.12
      react: 17.0.2
    dev: false

  /aria-hidden/1.1.3:
    resolution: {integrity: sha512-RhVWFtKH5BiGMycI72q2RAFMLQi8JP9bLuQXgR5a8Znp7P5KOIADSJeyfI8PCVxLEp067B2HbP5JIiI/PXIZeA==}
    engines: {node: '>=8.5.0'}
    dependencies:
      tslib: 1.14.1
    dev: false

  /csstype/3.0.11:
    resolution: {integrity: sha512-sa6P2wJ+CAbgyy4KFssIb/JNMLxFvKF1pCYCSXS8ZMuqZnMsrxqI2E5sPyoTpxoPU/gVZMzr2zjOfg8GIZOMsw==}
    dev: false

  /detect-node-es/1.1.0:
    resolution: {integrity: sha512-ypdmJU/TbBby2Dxibuv7ZLW3Bs1QEmM7nHjEANfohJLvE0XVujisn1qPJcZxg+qDucsr+bP6fLD1rPS3AhJ7EQ==}
    dev: false

  /esbuild-android-64/0.14.39:
    resolution: {integrity: sha512-EJOu04p9WgZk0UoKTqLId9VnIsotmI/Z98EXrKURGb3LPNunkeffqQIkjS2cAvidh+OK5uVrXaIP229zK6GvhQ==}
    engines: {node: '>=12'}
    cpu: [x64]
    os: [android]
    requiresBuild: true
    dev: true
    optional: true

  /esbuild-android-arm64/0.14.39:
    resolution: {integrity: sha512-+twajJqO7n3MrCz9e+2lVOnFplRsaGRwsq1KL/uOy7xK7QdRSprRQcObGDeDZUZsacD5gUkk6OiHiYp6RzU3CA==}
    engines: {node: '>=12'}
    cpu: [arm64]
    os: [android]
    requiresBuild: true
    dev: true
    optional: true

  /esbuild-darwin-64/0.14.39:
    resolution: {integrity: sha512-ImT6eUw3kcGcHoUxEcdBpi6LfTRWaV6+qf32iYYAfwOeV+XaQ/Xp5XQIBiijLeo+LpGci9M0FVec09nUw41a5g==}
    engines: {node: '>=12'}
    cpu: [x64]
    os: [darwin]
    requiresBuild: true
    dev: true
    optional: true

  /esbuild-darwin-arm64/0.14.39:
    resolution: {integrity: sha512-/fcQ5UhE05OiT+bW5v7/up1bDsnvaRZPJxXwzXsMRrr7rZqPa85vayrD723oWMT64dhrgWeA3FIneF8yER0XTw==}
    engines: {node: '>=12'}
    cpu: [arm64]
    os: [darwin]
    requiresBuild: true
    dev: true
    optional: true

  /esbuild-freebsd-64/0.14.39:
    resolution: {integrity: sha512-oMNH8lJI4wtgN5oxuFP7BQ22vgB/e3Tl5Woehcd6i2r6F3TszpCnNl8wo2d/KvyQ4zvLvCWAlRciumhQg88+kQ==}
    engines: {node: '>=12'}
    cpu: [x64]
    os: [freebsd]
    requiresBuild: true
    dev: true
    optional: true

  /esbuild-freebsd-arm64/0.14.39:
    resolution: {integrity: sha512-1GHK7kwk57ukY2yI4ILWKJXaxfr+8HcM/r/JKCGCPziIVlL+Wi7RbJ2OzMcTKZ1HpvEqCTBT/J6cO4ZEwW4Ypg==}
    engines: {node: '>=12'}
    cpu: [arm64]
    os: [freebsd]
    requiresBuild: true
    dev: true
    optional: true

  /esbuild-linux-32/0.14.39:
    resolution: {integrity: sha512-g97Sbb6g4zfRLIxHgW2pc393DjnkTRMeq3N1rmjDUABxpx8SjocK4jLen+/mq55G46eE2TA0MkJ4R3SpKMu7dg==}
    engines: {node: '>=12'}
    cpu: [ia32]
    os: [linux]
    requiresBuild: true
    dev: true
    optional: true

  /esbuild-linux-64/0.14.39:
    resolution: {integrity: sha512-4tcgFDYWdI+UbNMGlua9u1Zhu0N5R6u9tl5WOM8aVnNX143JZoBZLpCuUr5lCKhnD0SCO+5gUyMfupGrHtfggQ==}
    engines: {node: '>=12'}
    cpu: [x64]
    os: [linux]
    requiresBuild: true
    dev: true
    optional: true

  /esbuild-linux-arm/0.14.39:
    resolution: {integrity: sha512-t0Hn1kWVx5UpCzAJkKRfHeYOLyFnXwYynIkK54/h3tbMweGI7dj400D1k0Vvtj2u1P+JTRT9tx3AjtLEMmfVBQ==}
    engines: {node: '>=12'}
    cpu: [arm]
    os: [linux]
    requiresBuild: true
    dev: true
    optional: true

  /esbuild-linux-arm64/0.14.39:
    resolution: {integrity: sha512-23pc8MlD2D6Px1mV8GMglZlKgwgNKAO8gsgsLLcXWSs9lQsCYkIlMo/2Ycfo5JrDIbLdwgP8D2vpfH2KcBqrDQ==}
    engines: {node: '>=12'}
    cpu: [arm64]
    os: [linux]
    requiresBuild: true
    dev: true
    optional: true

  /esbuild-linux-mips64le/0.14.39:
    resolution: {integrity: sha512-epwlYgVdbmkuRr5n4es3B+yDI0I2e/nxhKejT9H0OLxFAlMkeQZxSpxATpDc9m8NqRci6Kwyb/SfmD1koG2Zuw==}
    engines: {node: '>=12'}
    cpu: [mips64el]
    os: [linux]
    requiresBuild: true
    dev: true
    optional: true

  /esbuild-linux-ppc64le/0.14.39:
    resolution: {integrity: sha512-W/5ezaq+rQiQBThIjLMNjsuhPHg+ApVAdTz2LvcuesZFMsJoQAW2hutoyg47XxpWi7aEjJGrkS26qCJKhRn3QQ==}
    engines: {node: '>=12'}
    cpu: [ppc64]
    os: [linux]
    requiresBuild: true
    dev: true
    optional: true

  /esbuild-linux-riscv64/0.14.39:
    resolution: {integrity: sha512-IS48xeokcCTKeQIOke2O0t9t14HPvwnZcy+5baG13Z1wxs9ZrC5ig5ypEQQh4QMKxURD5TpCLHw2W42CLuVZaA==}
    engines: {node: '>=12'}
    cpu: [riscv64]
    os: [linux]
    requiresBuild: true
    dev: true
    optional: true

  /esbuild-linux-s390x/0.14.39:
    resolution: {integrity: sha512-zEfunpqR8sMomqXhNTFEKDs+ik7HC01m3M60MsEjZOqaywHu5e5682fMsqOlZbesEAAaO9aAtRBsU7CHnSZWyA==}
    engines: {node: '>=12'}
    cpu: [s390x]
    os: [linux]
    requiresBuild: true
    dev: true
    optional: true

  /esbuild-netbsd-64/0.14.39:
    resolution: {integrity: sha512-Uo2suJBSIlrZCe4E0k75VDIFJWfZy+bOV6ih3T4MVMRJh1lHJ2UyGoaX4bOxomYN3t+IakHPyEoln1+qJ1qYaA==}
    engines: {node: '>=12'}
    cpu: [x64]
    os: [netbsd]
    requiresBuild: true
    dev: true
    optional: true

  /esbuild-openbsd-64/0.14.39:
    resolution: {integrity: sha512-secQU+EpgUPpYjJe3OecoeGKVvRMLeKUxSMGHnK+aK5uQM3n1FPXNJzyz1LHFOo0WOyw+uoCxBYdM4O10oaCAA==}
    engines: {node: '>=12'}
    cpu: [x64]
    os: [openbsd]
    requiresBuild: true
    dev: true
    optional: true

  /esbuild-sunos-64/0.14.39:
    resolution: {integrity: sha512-qHq0t5gePEDm2nqZLb+35p/qkaXVS7oIe32R0ECh2HOdiXXkj/1uQI9IRogGqKkK+QjDG+DhwiUw7QoHur/Rwg==}
    engines: {node: '>=12'}
    cpu: [x64]
    os: [sunos]
    requiresBuild: true
    dev: true
    optional: true

  /esbuild-windows-32/0.14.39:
    resolution: {integrity: sha512-XPjwp2OgtEX0JnOlTgT6E5txbRp6Uw54Isorm3CwOtloJazeIWXuiwK0ONJBVb/CGbiCpS7iP2UahGgd2p1x+Q==}
    engines: {node: '>=12'}
    cpu: [ia32]
    os: [win32]
    requiresBuild: true
    dev: true
    optional: true

  /esbuild-windows-64/0.14.39:
    resolution: {integrity: sha512-E2wm+5FwCcLpKsBHRw28bSYQw0Ikxb7zIMxw3OPAkiaQhLVr3dnVO8DofmbWhhf6b97bWzg37iSZ45ZDpLw7Ow==}
    engines: {node: '>=12'}
    cpu: [x64]
    os: [win32]
    requiresBuild: true
    dev: true
    optional: true

  /esbuild-windows-arm64/0.14.39:
    resolution: {integrity: sha512-sBZQz5D+Gd0EQ09tZRnz/PpVdLwvp/ufMtJ1iDFYddDaPpZXKqPyaxfYBLs3ueiaksQ26GGa7sci0OqFzNs7KA==}
    engines: {node: '>=12'}
    cpu: [arm64]
    os: [win32]
    requiresBuild: true
    dev: true
    optional: true

  /esbuild/0.14.39:
    resolution: {integrity: sha512-2kKujuzvRWYtwvNjYDY444LQIA3TyJhJIX3Yo4+qkFlDDtGlSicWgeHVJqMUP/2sSfH10PGwfsj+O2ro1m10xQ==}
    engines: {node: '>=12'}
    hasBin: true
    requiresBuild: true
    optionalDependencies:
      esbuild-android-64: 0.14.39
      esbuild-android-arm64: 0.14.39
      esbuild-darwin-64: 0.14.39
      esbuild-darwin-arm64: 0.14.39
      esbuild-freebsd-64: 0.14.39
      esbuild-freebsd-arm64: 0.14.39
      esbuild-linux-32: 0.14.39
      esbuild-linux-64: 0.14.39
      esbuild-linux-arm: 0.14.39
      esbuild-linux-arm64: 0.14.39
      esbuild-linux-mips64le: 0.14.39
      esbuild-linux-ppc64le: 0.14.39
      esbuild-linux-riscv64: 0.14.39
      esbuild-linux-s390x: 0.14.39
      esbuild-netbsd-64: 0.14.39
      esbuild-openbsd-64: 0.14.39
      esbuild-sunos-64: 0.14.39
      esbuild-windows-32: 0.14.39
      esbuild-windows-64: 0.14.39
      esbuild-windows-arm64: 0.14.39
    dev: true

  /fsevents/2.3.2:
    resolution: {integrity: sha512-xiqMQR4xAeHTuB9uWm+fFRcIOgKBMiOBP+eXiyT7jsgVCq1bkVygt00oASowB7EdtpOHaaPgKt812P9ab+DDKA==}
    engines: {node: ^8.16.0 || ^10.6.0 || >=11.0.0}
    os: [darwin]
    requiresBuild: true
    dev: true
    optional: true

  /function-bind/1.1.1:
    resolution: {integrity: sha512-yIovAzMX49sF8Yl58fSCWJ5svSLuaibPxXQJFLmBObTuCr0Mf1KiPopGM9NiFjiYBCbfaa2Fh6breQ6ANVTI0A==}
    dev: true

  /get-nonce/1.0.1:
    resolution: {integrity: sha512-FJhYRoDaiatfEkUK8HKlicmu/3SGFD51q3itKDGoSTysQJBnfOcxU5GxnhE1E6soB76MbT0MBtnKJuXyAx+96Q==}
    engines: {node: '>=6'}
    dev: false

  /has/1.0.3:
    resolution: {integrity: sha512-f2dvO0VU6Oej7RkWJGrehjbzMAjFp5/VKPp5tTpWIV4JHHZK1/BxbFRtf/siA2SWTe09caDmVtYYzWEIbBS4zw==}
    engines: {node: '>= 0.4.0'}
    dependencies:
      function-bind: 1.1.1
    dev: true

  /hotkeys-js/3.8.7:
    resolution: {integrity: sha512-ckAx3EkUr5XjDwjEHDorHxRO2Kb7z6Z2Sxul4MbBkN8Nho7XDslQsgMJT+CiJ5Z4TgRxxvKHEpuLE3imzqy4Lg==}
    dev: false

  /idb-keyval/6.1.0:
    resolution: {integrity: sha512-u/qHZ75rlD3gH+Zah8dAJVJcGW/RfCnfNrFkElC5RpRCnpsCXXhqjVk+6MoVKJ3WhmNbRYdI6IIVP88e+5sxGw==}
    dependencies:
      safari-14-idb-fix: 3.0.0
    dev: false

  /invariant/2.2.4:
    resolution: {integrity: sha512-phJfQVBuaJM5raOpJjSfkiD6BpbCE4Ns//LaXl6wGYtUBY83nWS6Rf9tXm2e8VaK60JEjYldbPif/A2B1C2gNA==}
    dependencies:
      loose-envify: 1.4.0
    dev: false

  /is-core-module/2.9.0:
    resolution: {integrity: sha512-+5FPy5PnwmO3lvfMb0AsoPaBG+5KHUI0wYFXOtYPnVVVspTFUuMZNfNaNVRt3FZadstu2c8x23vykRW/NBoU6A==}
    dependencies:
      has: 1.0.3
    dev: true

  /js-tokens/4.0.0:
    resolution: {integrity: sha512-RdJUflcE3cUzKiMqQgsCu06FPu9UdIJO0beYbPhHN4k6apgJtifcoCtT9bcxOpYBtpD2kCM6Sbzg4CausW/PKQ==}
    dev: false

  /loose-envify/1.4.0:
    resolution: {integrity: sha512-lyuxPGr/Wfhrlem2CL/UcnUc1zcqKAImBDzukY7Y5F/yQiNdko6+fRLevlw1HgMySw7f611UIY408EtxRSoK3Q==}
    hasBin: true
    dependencies:
      js-tokens: 4.0.0
    dev: false

  /lz-string/1.4.4:
    resolution: {integrity: sha1-wNjq82BZ9wV5bh40SBHPTEmNOiY=}
    hasBin: true
    dev: false

  /mobx-react-lite/3.4.0_3b110ddd052df537d55bc762cdd4d0b8:
    resolution: {integrity: sha512-bRuZp3C0itgLKHu/VNxi66DN/XVkQG7xtoBVWxpvC5FhAqbOCP21+nPhULjnzEqd7xBMybp6KwytdUpZKEgpIQ==}
    peerDependencies:
      mobx: ^6.1.0
      react: ^16.8.0 || ^17 || ^18
      react-dom: '*'
      react-native: '*'
    peerDependenciesMeta:
      react-dom:
        optional: true
      react-native:
        optional: true
    dependencies:
      mobx: 6.5.0
      react: 17.0.2
      react-dom: 17.0.2_react@17.0.2
    dev: false

  /mobx/6.5.0:
    resolution: {integrity: sha512-pHZ/cySF00FVENDWIDzJyoObFahK6Eg4d0papqm6d7yMkxWTZ/S/csqJX1A3PsYy4t5k3z2QnlwuCfMW5lSEwA==}
    dev: false

  /nanoid/3.3.4:
    resolution: {integrity: sha512-MqBkQh/OHTS2egovRtLk45wEyNXwF+cokD+1YPf9u5VfJiRdAiRwB2froX5Co9Rh20xs4siNPm8naNotSD6RBw==}
    engines: {node: ^10 || ^12 || ^13.7 || ^14 || >=15.0.1}
    hasBin: true

  /object-assign/4.1.1:
    resolution: {integrity: sha1-IQmtx5ZYh8/AXLvUQsrIv7s2CGM=}
    engines: {node: '>=0.10.0'}
    dev: false

  /path-parse/1.0.7:
    resolution: {integrity: sha512-LDJzPVEEEPR+y48z93A0Ed0yXb8pAByGWo/k5YYdYgpY2/2EsOsksJrq7lOHxryrVOn1ejG6oAp8ahvOIQD8sw==}
    dev: true

  /perfect-freehand/1.0.16:
    resolution: {integrity: sha512-D4+avUeR8CHSl2vaPbPYX/dNpSMRYO3VOFp7qSSc+LRkSgzQbLATVnXosy7VxtsSHEh1C5t8K8sfmo0zCVnfWQ==}
    dev: false

  /picocolors/1.0.0:
    resolution: {integrity: sha512-1fygroTLlHu66zi26VoTDv8yRgm0Fccecssto+MhsZ0D/DGW2sm8E8AjW7NU5VVTRt5GxbeZ5qBuJr+HyLYkjQ==}
    dev: true

  /postcss/8.4.13:
    resolution: {integrity: sha512-jtL6eTBrza5MPzy8oJLFuUscHDXTV5KcLlqAWHl5q5WYRfnNRGSmOZmOZ1T6Gy7A99mOZfqungmZMpMmCVJ8ZA==}
    engines: {node: ^10 || ^12 || >=14}
    dependencies:
      nanoid: 3.3.4
      picocolors: 1.0.0
      source-map-js: 1.0.2
    dev: true

  /react-dom/17.0.2_react@17.0.2:
    resolution: {integrity: sha512-s4h96KtLDUQlsENhMn1ar8t2bEa+q/YAtj8pPPdIjPDGBDIVNsrD9aXNWqspUe6AzKCIG0C1HZZLqLV7qpOBGA==}
    peerDependencies:
      react: 17.0.2
    dependencies:
      loose-envify: 1.4.0
      object-assign: 4.1.1
      react: 17.0.2
      scheduler: 0.20.2
    dev: false

  /react-hotkey-hook/1.0.2:
    resolution: {integrity: sha512-95GiOW8ORMqbBQ23+VHMF0giRmpiI8sFHPjbOR/e64zWI0QT+QO3Q/022c0HNBS/LrQsbGdjm64BNMah0WvlnA==}
    dev: false

  /react-hotkeys-hook/3.4.4_react-dom@17.0.2+react@17.0.2:
    resolution: {integrity: sha512-vaORq07rWgmuF3owWRhgFV/3VL8/l2q9lz0WyVEddJnWTtKW+AOgU5YgYKuwN6h6h7bCcLG3MFsJIjCrM/5DvQ==}
    peerDependencies:
      react: '>=16.8.1'
      react-dom: '>=16.8.1'
    dependencies:
      hotkeys-js: 3.8.7
      react: 17.0.2
      react-dom: 17.0.2_react@17.0.2
    dev: false

  /react-remove-scroll-bar/2.3.1_react@17.0.2:
    resolution: {integrity: sha512-IvGX3mJclEF7+hga8APZczve1UyGMkMG+tjS0o/U1iLgvZRpjFAQEUBJ4JETfvbNlfNnZnoDyWJCICkA15Mghg==}
    engines: {node: '>=10'}
    peerDependencies:
      '@types/react': ^16.8.0 || ^17.0.0 || ^18.0.0
      react: ^16.8.0 || ^17.0.0 || ^18.0.0
    peerDependenciesMeta:
      '@types/react':
        optional: true
    dependencies:
      react: 17.0.2
      react-style-singleton: 2.2.0_react@17.0.2
      tslib: 2.4.0
    dev: false

  /react-remove-scroll/2.5.3_react@17.0.2:
    resolution: {integrity: sha512-NQ1bXrxKrnK5pFo/GhLkXeo3CrK5steI+5L+jynwwIemvZyfXqaL0L5BzwJd7CSwNCU723DZaccvjuyOdoy3Xw==}
    engines: {node: '>=10'}
    peerDependencies:
      '@types/react': ^16.8.0 || ^17.0.0 || ^18.0.0
      react: ^16.8.0 || ^17.0.0 || ^18.0.0
    peerDependenciesMeta:
      '@types/react':
        optional: true
    dependencies:
      react: 17.0.2
      react-remove-scroll-bar: 2.3.1_react@17.0.2
      react-style-singleton: 2.2.0_react@17.0.2
      tslib: 2.4.0
      use-callback-ref: 1.3.0_react@17.0.2
      use-sidecar: 1.1.2_react@17.0.2
    dev: false

  /react-style-singleton/2.2.0_react@17.0.2:
    resolution: {integrity: sha512-nK7mN92DMYZEu3cQcAhfwE48NpzO5RpxjG4okbSqRRbfal9Pk+fG2RdQXTMp+f6all1hB9LIJSt+j7dCYrU11g==}
    engines: {node: '>=10'}
    peerDependencies:
      '@types/react': ^16.8.0 || ^17.0.0 || ^18.0.0
      react: ^16.8.0 || ^17.0.0 || ^18.0.0
    peerDependenciesMeta:
      '@types/react':
        optional: true
    dependencies:
      get-nonce: 1.0.1
      invariant: 2.2.4
      react: 17.0.2
      tslib: 2.4.0
    dev: false

  /react/17.0.2:
    resolution: {integrity: sha512-gnhPt75i/dq/z3/6q/0asP78D0u592D5L1pd7M8P+dck6Fu/jJeL6iVVK23fptSUZj8Vjf++7wXA8UNclGQcbA==}
    engines: {node: '>=0.10.0'}
    dependencies:
      loose-envify: 1.4.0
      object-assign: 4.1.1
    dev: false

  /regenerator-runtime/0.13.9:
    resolution: {integrity: sha512-p3VT+cOEgxFsRRA9X4lkI1E+k2/CtnKtU4gcxyaCUreilL/vqI6CdZ3wxVUx3UOUg+gnUOQQcRI7BmSI656MYA==}
    dev: false

  /resize-observer-polyfill/1.5.1:
    resolution: {integrity: sha512-LwZrotdHOo12nQuZlHEmtuXdqGoOD0OhaxopaNFxWzInpEgaLWoVuAMbTzixuosCx2nEG58ngzW3vxdWoxIgdg==}
    dev: false

  /resolve/1.22.0:
    resolution: {integrity: sha512-Hhtrw0nLeSrFQ7phPp4OOcVjLPIeMnRlr5mcnVuMe7M/7eBn98A3hmFRLoFo3DLZkivSYwhRUJTyPyWAk56WLw==}
    hasBin: true
    dependencies:
      is-core-module: 2.9.0
      path-parse: 1.0.7
      supports-preserve-symlinks-flag: 1.0.0
    dev: true

  /rollup/2.73.0:
    resolution: {integrity: sha512-h/UngC3S4Zt28mB3g0+2YCMegT5yoftnQplwzPqGZcKvlld5e+kT/QRmJiL+qxGyZKOYpgirWGdLyEO1b0dpLQ==}
    engines: {node: '>=10.0.0'}
    hasBin: true
    optionalDependencies:
      fsevents: 2.3.2
    dev: true

  /safari-14-idb-fix/3.0.0:
    resolution: {integrity: sha512-eBNFLob4PMq8JA1dGyFn6G97q3/WzNtFK4RnzT1fnLq+9RyrGknzYiM/9B12MnKAxuj1IXr7UKYtTNtjyKMBog==}
    dev: false

  /scheduler/0.20.2:
    resolution: {integrity: sha512-2eWfGgAqqWFGqtdMmcL5zCMK1U8KlXv8SQFGglL3CEtd0aDVDWgeF/YoCmvln55m5zSk3J/20hTaSBeSObsQDQ==}
    dependencies:
      loose-envify: 1.4.0
      object-assign: 4.1.1
    dev: false

  /source-map-js/1.0.2:
    resolution: {integrity: sha512-R0XvVJ9WusLiqTCEiGCmICCMplcCkIwwR11mOSD9CR5u+IXYdiseeEuXCVAjS54zqwkLcPNnmU4OeJ6tUrWhDw==}
    engines: {node: '>=0.10.0'}
    dev: true

  /supports-preserve-symlinks-flag/1.0.0:
    resolution: {integrity: sha512-ot0WnXS9fgdkgIcePe6RHNk1WA8+muPa6cSjeR3V8K27q9BB1rTE3R1p7Hv0z1ZyAc8s6Vvv8DIyWf681MAt0w==}
    engines: {node: '>= 0.4'}
    dev: true

  /tslib/1.14.1:
    resolution: {integrity: sha512-Xni35NKzjgMrwevysHTCArtLDpPvye8zV/0E4EyYn43P7/7qvQwPh9BGkHewbMulVntbigmcT7rdX3BNo9wRJg==}
    dev: false

  /tslib/2.4.0:
    resolution: {integrity: sha512-d6xOpEDfsi2CZVlPQzGeux8XMwLT9hssAsaPYExaQMuYskwb+x1x7J371tWlbBdWHroy99KnVB6qIkUbs5X3UQ==}
    dev: false

  /unist-util-is/5.1.1:
    resolution: {integrity: sha512-F5CZ68eYzuSvJjGhCLPL3cYx45IxkqXSetCcRgUXtbcm50X2L9oOWQlfUfDdAf+6Pd27YDblBfdtmsThXmwpbQ==}
    dev: false

  /unist-util-visit-parents/5.1.0:
    resolution: {integrity: sha512-y+QVLcY5eR/YVpqDsLf/xh9R3Q2Y4HxkZTp7ViLDU6WtJCEcPmRzW1gpdWDCDIqIlhuPDXOgttqPlykrHYDekg==}
    dependencies:
      '@types/unist': 2.0.6
      unist-util-is: 5.1.1
    dev: false

  /unist-util-visit/4.1.0:
    resolution: {integrity: sha512-n7lyhFKJfVZ9MnKtqbsqkQEk5P1KShj0+//V7mAcoI6bpbUjh3C/OG8HVD+pBihfh6Ovl01m8dkcv9HNqYajmQ==}
    dependencies:
      '@types/unist': 2.0.6
      unist-util-is: 5.1.1
      unist-util-visit-parents: 5.1.0
    dev: false

  /use-callback-ref/1.3.0_react@17.0.2:
    resolution: {integrity: sha512-3FT9PRuRdbB9HfXhEq35u4oZkvpJ5kuYbpqhCfmiZyReuRgpnhDlbr2ZEnnuS0RrJAPn6l23xjFg9kpDM+Ms7w==}
    engines: {node: '>=10'}
    peerDependencies:
      '@types/react': ^16.8.0 || ^17.0.0 || ^18.0.0
      react: ^16.8.0 || ^17.0.0 || ^18.0.0
    peerDependenciesMeta:
      '@types/react':
        optional: true
    dependencies:
      react: 17.0.2
      tslib: 2.4.0
    dev: false

  /use-sidecar/1.1.2_react@17.0.2:
    resolution: {integrity: sha512-epTbsLuzZ7lPClpz2TyryBfztm7m+28DlEv2ZCQ3MDr5ssiwyOwGH/e5F9CkfWjJ1t4clvI58yF822/GUkjjhw==}
    engines: {node: '>=10'}
    peerDependencies:
      '@types/react': ^16.9.0 || ^17.0.0 || ^18.0.0
      react: ^16.8.0 || ^17.0.0 || ^18.0.0
    peerDependenciesMeta:
      '@types/react':
        optional: true
    dependencies:
      detect-node-es: 1.1.0
      react: 17.0.2
      tslib: 2.4.0
    dev: false

  /vite/2.9.0:
    resolution: {integrity: sha512-5NAnNqzPmZzJvrswZGeTS2JHrBGIzIWJA2hBTTMYuoBVEMh0xwE0b5yyIXFxf7F07hrK4ugX2LJ7q6t7iIbd4Q==}
    engines: {node: '>=12.2.0'}
    hasBin: true
    peerDependencies:
      less: '*'
      sass: '*'
      stylus: '*'
    peerDependenciesMeta:
      less:
        optional: true
      sass:
        optional: true
      stylus:
        optional: true
    dependencies:
      esbuild: 0.14.39
      postcss: 8.4.13
      resolve: 1.22.0
      rollup: 2.73.0
    optionalDependencies:
      fsevents: 2.3.2
    dev: true

  /zustand/3.7.2_react@17.0.2:
    resolution: {integrity: sha512-PIJDIZKtokhof+9+60cpockVOq05sJzHCriyvaLBmEJixseQ1a5Kdov6fWZfWOu5SK9c+FhH1jU0tntLxRJYMA==}
    engines: {node: '>=12.7.0'}
    peerDependencies:
      react: '>=16.8'
    peerDependenciesMeta:
      react:
        optional: true
    dependencies:
      react: 17.0.2
    dev: false
